
Microsoft Visual Studio Solution File, Format Version 12.00
# Visual Studio 15
VisualStudioVersion = 15.0.27130.2036
MinimumVisualStudioVersion = 10.0.40219.1
Project("{FAE04EC0-301F-11D3-BF4B-00C04F79EFBC}") = "XMLTest", "XMLTest\XMLTest.csproj", "{39FA6AAA-E0FD-43EE-A42B-4CDD58710D9D}"
EndProject
Project("{FAE04EC0-301F-11D3-BF4B-00C04F79EFBC}") = "Tests", "Tests\Tests.csproj", "{3CFC6A51-44C2-4B70-A7D6-0571E4791B45}"
EndProject
Global
	GlobalSection(SolutionConfigurationPlatforms) = preSolution
		Debug|Any CPU = Debug|Any CPU
		Release|Any CPU = Release|Any CPU
	EndGlobalSection
	GlobalSection(ProjectConfigurationPlatforms) = postSolution
		{39FA6AAA-E0FD-43EE-A42B-4CDD58710D9D}.Debug|Any CPU.ActiveCfg = Debug|Any CPU
		{39FA6AAA-E0FD-43EE-A42B-4CDD58710D9D}.Debug|Any CPU.Build.0 = Debug|Any CPU
		{39FA6AAA-E0FD-43EE-A42B-4CDD58710D9D}.Release|Any CPU.ActiveCfg = Release|Any CPU
		{39FA6AAA-E0FD-43EE-A42B-4CDD58710D9D}.Release|Any CPU.Build.0 = Release|Any CPU
		{3CFC6A51-44C2-4B70-A7D6-0571E4791B45}.Debug|Any CPU.ActiveCfg = Debug|Any CPU
		{3CFC6A51-44C2-4B70-A7D6-0571E4791B45}.Debug|Any CPU.Build.0 = Debug|Any CPU
		{3CFC6A51-44C2-4B70-A7D6-0571E4791B45}.Release|Any CPU.ActiveCfg = Release|Any CPU
		{3CFC6A51-44C2-4B70-A7D6-0571E4791B45}.Release|Any CPU.Build.0 = Release|Any CPU
	EndGlobalSection
	GlobalSection(SolutionProperties) = preSolution
		HideSolutionNode = FALSE
	EndGlobalSection
	GlobalSection(ExtensibilityGlobals) = postSolution
		SolutionGuid = {0154A5AD-570D-4013-9D46-15C7EFC29DE8}
	EndGlobalSection
EndGlobal
